
Microsoft Visual Studio Solution File, Format Version 12.00
# Visual Studio Version 17
VisualStudioVersion = 17.2.32526.322
MinimumVisualStudioVersion = 10.0.40219.1
Project("{FAE04EC0-301F-11D3-BF4B-00C04F79EFBC}") = "Shop", "Shop\Shop.csproj", "{8AD06647-BA35-4142-8B6E-F6D8981CA58F}"
EndProject
Global
	GlobalSection(SolutionConfigurationPlatforms) = preSolution
		Debug|Any CPU = Debug|Any CPU
		Release|Any CPU = Release|Any CPU
	EndGlobalSection
	GlobalSection(ProjectConfigurationPlatforms) = postSolution
		{8AD06647-BA35-4142-8B6E-F6D8981CA58F}.Debug|Any CPU.ActiveCfg = Debug|Any CPU
		{8AD06647-BA35-4142-8B6E-F6D8981CA58F}.Debug|Any CPU.Build.0 = Debug|Any CPU
		{8AD06647-BA35-4142-8B6E-F6D8981CA58F}.Release|Any CPU.ActiveCfg = Release|Any CPU
		{8AD06647-BA35-4142-8B6E-F6D8981CA58F}.Release|Any CPU.Build.0 = Release|Any CPU
	EndGlobalSection
	GlobalSection(SolutionProperties) = preSolution
		HideSolutionNode = FALSE
	EndGlobalSection
	GlobalSection(ExtensibilityGlobals) = postSolution
		SolutionGuid = {11538A8E-DD75-4C48-A53A-2E5A6D6081A0}
	EndGlobalSection
EndGlobal
